
Microsoft Visual Studio Solution File, Format Version 12.00
# Visual Studio Version 17
VisualStudioVersion = 17.13.35818.85 d17.13
MinimumVisualStudioVersion = 10.0.40219.1
Project("{FAE04EC0-301F-11D3-BF4B-00C04F79EFBC}") = "YenidenDeneme", "YenidenDeneme\YenidenDeneme.csproj", "{FBD08C21-B2F9-4240-91A2-B4D0E5670196}"
EndProject
Global
	GlobalSection(SolutionConfigurationPlatforms) = preSolution
		Debug|Any CPU = Debug|Any CPU
		Release|Any CPU = Release|Any CPU
	EndGlobalSection
	GlobalSection(ProjectConfigurationPlatforms) = postSolution
		{FBD08C21-B2F9-4240-91A2-B4D0E5670196}.Debug|Any CPU.ActiveCfg = Debug|Any CPU
		{FBD08C21-B2F9-4240-91A2-B4D0E5670196}.Debug|Any CPU.Build.0 = Debug|Any CPU
		{FBD08C21-B2F9-4240-91A2-B4D0E5670196}.Release|Any CPU.ActiveCfg = Release|Any CPU
		{FBD08C21-B2F9-4240-91A2-B4D0E5670196}.Release|Any CPU.Build.0 = Release|Any CPU
	EndGlobalSection
	GlobalSection(SolutionProperties) = preSolution
		HideSolutionNode = FALSE
	EndGlobalSection
	GlobalSection(ExtensibilityGlobals) = postSolution
		SolutionGuid = {B3DEDA12-939A-4673-9CAA-F1C5A46E0063}
	EndGlobalSection
EndGlobal
